
Microsoft Visual Studio Solution File, Format Version 12.00
# Visual Studio Version 17
VisualStudioVersion = 17.9.34728.123
MinimumVisualStudioVersion = 10.0.40219.1
Project("{FAE04EC0-301F-11D3-BF4B-00C04F79EFBC}") = "CRUD", "CRUD\CRUD.csproj", "{2B967FB6-FAC2-4A4A-85CB-74094E84931F}"
EndProject
Global
	GlobalSection(SolutionConfigurationPlatforms) = preSolution
		Debug|Any CPU = Debug|Any CPU
		Release|Any CPU = Release|Any CPU
	EndGlobalSection
	GlobalSection(ProjectConfigurationPlatforms) = postSolution
		{2B967FB6-FAC2-4A4A-85CB-74094E84931F}.Debug|Any CPU.ActiveCfg = Debug|Any CPU
		{2B967FB6-FAC2-4A4A-85CB-74094E84931F}.Debug|Any CPU.Build.0 = Debug|Any CPU
		{2B967FB6-FAC2-4A4A-85CB-74094E84931F}.Release|Any CPU.ActiveCfg = Release|Any CPU
		{2B967FB6-FAC2-4A4A-85CB-74094E84931F}.Release|Any CPU.Build.0 = Release|Any CPU
	EndGlobalSection
	GlobalSection(SolutionProperties) = preSolution
		HideSolutionNode = FALSE
	EndGlobalSection
	GlobalSection(ExtensibilityGlobals) = postSolution
		SolutionGuid = {60606C42-D03C-45C9-B9F8-E8EFA7C02CD6}
	EndGlobalSection
EndGlobal
