
Microsoft Visual Studio Solution File, Format Version 12.00
# Visual Studio Version 17
VisualStudioVersion = 17.9.34607.119
MinimumVisualStudioVersion = 10.0.40219.1
Project("{FAE04EC0-301F-11D3-BF4B-00C04F79EFBC}") = "Consoleappprogram", "Consoleappprogram\Consoleappprogram.csproj", "{9723B6DA-54C2-4DF5-B1BE-56F961F16D27}"
EndProject
Global
	GlobalSection(SolutionConfigurationPlatforms) = preSolution
		Debug|Any CPU = Debug|Any CPU
		Release|Any CPU = Release|Any CPU
	EndGlobalSection
	GlobalSection(ProjectConfigurationPlatforms) = postSolution
		{9723B6DA-54C2-4DF5-B1BE-56F961F16D27}.Debug|Any CPU.ActiveCfg = Debug|Any CPU
		{9723B6DA-54C2-4DF5-B1BE-56F961F16D27}.Debug|Any CPU.Build.0 = Debug|Any CPU
		{9723B6DA-54C2-4DF5-B1BE-56F961F16D27}.Release|Any CPU.ActiveCfg = Release|Any CPU
		{9723B6DA-54C2-4DF5-B1BE-56F961F16D27}.Release|Any CPU.Build.0 = Release|Any CPU
	EndGlobalSection
	GlobalSection(SolutionProperties) = preSolution
		HideSolutionNode = FALSE
	EndGlobalSection
	GlobalSection(ExtensibilityGlobals) = postSolution
		SolutionGuid = {C03DFA35-EB23-4006-9B56-5FE845077D65}
	EndGlobalSection
EndGlobal
